// !$*UTF8*$!
{
	archiveVersion = 1;
	classes = {
	};
	objectVersion = 50;
	objects = {

/* Begin PBXBuildFile section */
		0EDBBFB12334D1C0009C1B0C /* AppDelegate.swift in Sources */ = {isa = PBXBuildFile; fileRef = 0EDBBFB02334D1C0009C1B0C /* AppDelegate.swift */; };
		0EDBBFB32334D1C0009C1B0C /* ViewController.swift in Sources */ = {isa = PBXBuildFile; fileRef = 0EDBBFB22334D1C0009C1B0C /* ViewController.swift */; };
		0EDBBFB62334D1C0009C1B0C /* Main.storyboard in Resources */ = {isa = PBXBuildFile; fileRef = 0EDBBFB42334D1C0009C1B0C /* Main.storyboard */; };
		0EDBBFB82334D1C2009C1B0C /* Assets.xcassets in Resources */ = {isa = PBXBuildFile; fileRef = 0EDBBFB72334D1C2009C1B0C /* Assets.xcassets */; };
		0EDBBFBB2334D1C2009C1B0C /* LaunchScreen.storyboard in Resources */ = {isa = PBXBuildFile; fileRef = 0EDBBFB92334D1C2009C1B0C /* LaunchScreen.storyboard */; };
		0EDBBFC32334D1E7009C1B0C /* DemoView.swift in Sources */ = {isa = PBXBuildFile; fileRef = 0EDBBFC22334D1E7009C1B0C /* DemoView.swift */; };
		0EDBBFC52334DF2F009C1B0C /* Extenstions.swift in Sources */ = {isa = PBXBuildFile; fileRef = 0EDBBFC42334DF2F009C1B0C /* Extenstions.swift */; };
/* End PBXBuildFile section */

/* Begin PBXFileReference section */
		0EDBBFAD2334D1C0009C1B0C /* PathsNLayers.app */ = {isa = PBXFileReference; explicitFileType = wrapper.application; includeInIndex = 0; path = PathsNLayers.app; sourceTree = BUILT_PRODUCTS_DIR; };
		0EDBBFB02334D1C0009C1B0C /* AppDelegate.swift */ = {isa = PBXFileReference; lastKnownFileType = sourcecode.swift; path = AppDelegate.swift; sourceTree = "<group>"; };
		0EDBBFB22334D1C0009C1B0C /* ViewController.swift */ = {isa = PBXFileReference; lastKnownFileType = sourcecode.swift; path = ViewController.swift; sourceTree = "<group>"; };
		0EDBBFB52334D1C0009C1B0C /* Base */ = {isa = PBXFileReference; lastKnownFileType = file.storyboard; name = Base; path = Base.lproj/Main.storyboard; sourceTree = "<group>"; };
		0EDBBFB72334D1C2009C1B0C /* Assets.xcassets */ = {isa = PBXFileReference; lastKnownFileType = folder.assetcatalog; path = Assets.xcassets; sourceTree = "<group>"; };
		0EDBBFBA2334D1C2009C1B0C /* Base */ = {isa = PBXFileReference; lastKnownFileType = file.storyboard; name = Base; path = Base.lproj/LaunchScreen.storyboard; sourceTree = "<group>"; };
		0EDBBFBC2334D1C2009C1B0C /* Info.plist */ = {isa = PBXFileReference; lastKnownFileType = text.plist.xml; path = Info.plist; sourceTree = "<group>"; };
		0EDBBFC22334D1E7009C1B0C /* DemoView.swift */ = {isa = PBXFileReference; lastKnownFileType = sourcecode.swift; path = DemoView.swift; sourceTree = "<group>"; };
		0EDBBFC42334DF2F009C1B0C /* Extenstions.swift */ = {isa = PBXFileReference; lastKnownFileType = sourcecode.swift; path = Extenstions.swift; sourceTree = "<group>"; };
/* End PBXFileReference section */

/* Begin PBXFrameworksBuildPhase section */
		0EDBBFAA2334D1C0009C1B0C /* Frameworks */ = {
			isa = PBXFrameworksBuildPhase;
			buildActionMask = 2147483647;
			files = (
			);
			runOnlyForDeploymentPostprocessing = 0;
		};
/* End PBXFrameworksBuildPhase section */

/* Begin PBXGroup section */
		0EDBBFA42334D1C0009C1B0C = {
			isa = PBXGroup;
			children = (
				0EDBBFAF2334D1C0009C1B0C /* PathsNLayers */,
				0EDBBFAE2334D1C0009C1B0C /* Products */,
			);
			sourceTree = "<group>";
		};
		0EDBBFAE2334D1C0009C1B0C /* Products */ = {
			isa = PBXGroup;
			children = (
				0EDBBFAD2334D1C0009C1B0C /* PathsNLayers.app */,
			);
			name = Products;
			sourceTree = "<group>";
		};
		0EDBBFAF2334D1C0009C1B0C /* PathsNLayers */ = {
			isa = PBXGroup;
			children = (
				0EDBBFB02334D1C0009C1B0C /* AppDelegate.swift */,
				0EDBBFC22334D1E7009C1B0C /* DemoView.swift */,
				0EDBBFB22334D1C0009C1B0C /* ViewController.swift */,
				0EDBBFB42334D1C0009C1B0C /* Main.storyboard */,
				0EDBBFB72334D1C2009C1B0C /* Assets.xcassets */,
				0EDBBFB92334D1C2009C1B0C /* LaunchScreen.storyboard */,
				0EDBBFBC2334D1C2009C1B0C /* Info.plist */,
				0EDBBFC42334DF2F009C1B0C /* Extenstions.swift */,
			);
			path = PathsNLayers;
			sourceTree = "<group>";
		};
/* End PBXGroup section */

/* Begin PBXNativeTarget section */
		0EDBBFAC2334D1C0009C1B0C /* PathsNLayers */ = {
			isa = PBXNativeTarget;
			buildConfigurationList = 0EDBBFBF2334D1C2009C1B0C /* Build configuration list for PBXNativeTarget "PathsNLayers" */;
			buildPhases = (
				0EDBBFA92334D1C0009C1B0C /* Sources */,
				0EDBBFAA2334D1C0009C1B0C /* Frameworks */,
				0EDBBFAB2334D1C0009C1B0C /* Resources */,
			);
			buildRules = (
			);
			dependencies = (
			);
			name = PathsNLayers;
			productName = PathsNLayers;
			productReference = 0EDBBFAD2334D1C0009C1B0C /* PathsNLayers.app */;
			productType = "com.apple.product-type.application";
		};
/* End PBXNativeTarget section */

/* Begin PBXProject section */
		0EDBBFA52334D1C0009C1B0C /* Project object */ = {
			isa = PBXProject;
			attributes = {
				LastSwiftUpdateCheck = 1030;
				LastUpgradeCheck = 1030;
				ORGANIZATIONNAME = "Qaptive Technologies";
				TargetAttributes = {
					0EDBBFAC2334D1C0009C1B0C = {
						CreatedOnToolsVersion = 10.3;
					};
				};
			};
			buildConfigurationList = 0EDBBFA82334D1C0009C1B0C /* Build configuration list for PBXProject "PathsNLayers" */;
			compatibilityVersion = "Xcode 9.3";
			developmentRegion = en;
			hasScannedForEncodings = 0;
			knownRegions = (
				en,
				Base,
			);
			mainGroup = 0EDBBFA42334D1C0009C1B0C;
			productRefGroup = 0EDBBFAE2334D1C0009C1B0C /* Products */;
			projectDirPath = "";
			projectRoot = "";
			targets = (
				0EDBBFAC2334D1C0009C1B0C /* PathsNLayers */,
			);
		};
/* End PBXProject section */

/* Begin PBXResourcesBuildPhase section */
		0EDBBFAB2334D1C0009C1B0C /* Resources */ = {
			isa = PBXResourcesBuildPhase;
			buildActionMask = 2147483647;
			files = (
				0EDBBFBB2334D1C2009C1B0C /* LaunchScreen.storyboard in Resources */,
				0EDBBFB82334D1C2009C1B0C /* Assets.xcassets in Resources */,
				0EDBBFB62334D1C0009C1B0C /* Main.storyboard in Resources */,
			);
			runOnlyForDeploymentPostprocessing = 0;
		};
/* End PBXResourcesBuildPhase section */

/* Begin PBXSourcesBuildPhase section */
		0EDBBFA92334D1C0009C1B0C /* Sources */ = {
			isa = PBXSourcesBuildPhase;
			buildActionMask = 2147483647;
			files = (
				0EDBBFC52334DF2F009C1B0C /* Extenstions.swift in Sources */,
				0EDBBFB32334D1C0009C1B0C /* ViewController.swift in Sources */,
				0EDBBFC32334D1E7009C1B0C /* DemoView.swift in Sources */,
				0EDBBFB12334D1C0009C1B0C /* AppDelegate.swift in Sources */,
			);
			runOnlyForDeploymentPostprocessing = 0;
		};
/* End PBXSourcesBuildPhase section */

/* Begin PBXVariantGroup section */
		0EDBBFB42334D1C0009C1B0C /* Main.storyboard */ = {
			isa = PBXVariantGroup;
			children = (
				0EDBBFB52334D1C0009C1B0C /* Base */,
			);
			name = Main.storyboard;
			sourceTree = "<group>";
		};
		0EDBBFB92334D1C2009C1B0C /* LaunchScreen.storyboard */ = {
			isa = PBXVariantGroup;
			children = (
				0EDBBFBA2334D1C2009C1B0C /* Base */,
			);
			name = LaunchScreen.storyboard;
			sourceTree = "<group>";
		};
/* End PBXVariantGroup section */

/* Begin XCBuildConfiguration section */
		0EDBBFBD2334D1C2009C1B0C /* Debug */ = {
			isa = XCBuildConfiguration;
			buildSettings = {
				ALWAYS_SEARCH_USER_PATHS = NO;
				CLANG_ANALYZER_NONNULL = YES;
				CLANG_ANALYZER_NUMBER_OBJECT_CONVERSION = YES_AGGRESSIVE;
				CLANG_CXX_LANGUAGE_STANDARD = "gnu++14";
				CLANG_CXX_LIBRARY = "libc++";
				CLANG_ENABLE_MODULES = YES;
				CLANG_ENABLE_OBJC_ARC = YES;
				CLANG_ENABLE_OBJC_WEAK = YES;
				CLANG_WARN_BLOCK_CAPTURE_AUTORELEASING = YES;
				CLANG_WARN_BOOL_CONVERSION = YES;
				CLANG_WARN_COMMA = YES;
				CLANG_WARN_CONSTANT_CONVERSION = YES;
				CLANG_WARN_DEPRECATED_OBJC_IMPLEMENTATIONS = YES;
				CLANG_WARN_DIRECT_OBJC_ISA_USAGE = YES_ERROR;
				CLANG_WARN_DOCUMENTATION_COMMENTS = YES;
				CLANG_WARN_EMPTY_BODY = YES;
				CLANG_WARN_ENUM_CONVERSION = YES;
				CLANG_WARN_INFINITE_RECURSION = YES;
				CLANG_WARN_INT_CONVERSION = YES;
				CLANG_WARN_NON_LITERAL_NULL_CONVERSION = YES;
				CLANG_WARN_OBJC_IMPLICIT_RETAIN_SELF = YES;
				CLANG_WARN_OBJC_LITERAL_CONVERSION = YES;
				CLANG_WARN_OBJC_ROOT_CLASS = YES_ERROR;
				CLANG_WARN_RANGE_LOOP_ANALYSIS = YES;
				CLANG_WARN_STRICT_PROTOTYPES = YES;
				CLANG_WARN_SUSPICIOUS_MOVE = YES;
				CLANG_WARN_UNGUARDED_AVAILABILITY = YES_AGGRESSIVE;
				CLANG_WARN_UNREACHABLE_CODE = YES;
				CLANG_WARN__DUPLICATE_METHOD_MATCH = YES;
				CODE_SIGN_IDENTITY = "iPhone Developer";
				COPY_PHASE_STRIP = NO;
				DEBUG_INFORMATION_FORMAT = dwarf;
				ENABLE_STRICT_OBJC_MSGSEND = YES;
				ENABLE_TESTABILITY = YES;
				GCC_C_LANGUAGE_STANDARD = gnu11;
				GCC_DYNAMIC_NO_PIC = NO;
				GCC_NO_COMMON_BLOCKS = YES;
				GCC_OPTIMIZATION_LEVEL = 0;
				GCC_PREPROCESSOR_DEFINITIONS = (
					"DEBUG=1",
					"$(inherited)",
				);
				GCC_WARN_64_TO_32_BIT_CONVERSION = YES;
				GCC_WARN_ABOUT_RETURN_TYPE = YES_ERROR;
				GCC_WARN_UNDECLARED_SELECTOR = YES;
				GCC_WARN_UNINITIALIZED_AUTOS = YES_AGGRESSIVE;
				GCC_WARN_UNUSED_FUNCTION = YES;
				GCC_WARN_UNUSED_VARIABLE = YES;
				IPHONEOS_DEPLOYMENT_TARGET = 12.4;
				MTL_ENABLE_DEBUG_INFO = INCLUDE_SOURCE;
				MTL_FAST_MATH = YES;
				ONLY_ACTIVE_ARCH = YES;
				SDKROOT = iphoneos;
				SWIFT_ACTIVE_COMPILATION_CONDITIONS = DEBUG;
				SWIFT_OPTIMIZATION_LEVEL = "-Onone";
			};
			name = Debug;
		};
		0EDBBFBE2334D1C2009C1B0C /* Release */ = {
			isa = XCBuildConfiguration;
			buildSettings = {
				ALWAYS_SEARCH_USER_PATHS = NO;
				CLANG_ANALYZER_NONNULL = YES;
				CLANG_ANALYZER_NUMBER_OBJECT_CONVERSION = YES_AGGRESSIVE;
				CLANG_CXX_LANGUAGE_STANDARD = "gnu++14";
				CLANG_CXX_LIBRARY = "libc++";
				CLANG_ENABLE_MODULES = YES;
				CLANG_ENABLE_OBJC_ARC = YES;
				CLANG_ENABLE_OBJC_WEAK = YES;
				CLANG_WARN_BLOCK_CAPTURE_AUTORELEASING = YES;
				CLANG_WARN_BOOL_CONVERSION = YES;
				CLANG_WARN_COMMA = YES;
				CLANG_WARN_CONSTANT_CONVERSION = YES;
				CLANG_WARN_DEPRECATED_OBJC_IMPLEMENTATIONS = YES;
				CLANG_WARN_DIRECT_OBJC_ISA_USAGE = YES_ERROR;
				CLANG_WARN_DOCUMENTATION_COMMENTS = YES;
				CLANG_WARN_EMPTY_BODY = YES;
				CLANG_WARN_ENUM_CONVERSION = YES;
				CLANG_WARN_INFINITE_RECURSION = YES;
				CLANG_WARN_INT_CONVERSION = YES;
				CLANG_WARN_NON_LITERAL_NULL_CONVERSION = YES;
				CLANG_WARN_OBJC_IMPLICIT_RETAIN_SELF = YES;
				CLANG_WARN_OBJC_LITERAL_CONVERSION = YES;
				CLANG_WARN_OBJC_ROOT_CLASS = YES_ERROR;
				CLANG_WARN_RANGE_LOOP_ANALYSIS = YES;
				CLANG_WARN_STRICT_PROTOTYPES = YES;
				CLANG_WARN_SUSPICIOUS_MOVE = YES;
				CLANG_WARN_UNGUARDED_AVAILABILITY = YES_AGGRESSIVE;
				CLANG_WARN_UNREACHABLE_CODE = YES;
				CLANG_WARN__DUPLICATE_METHOD_MATCH = YES;
				CODE_SIGN_IDENTITY = "iPhone Developer";
				COPY_PHASE_STRIP = NO;
				DEBUG_INFORMATION_FORMAT = "dwarf-with-dsym";
				ENABLE_NS_ASSERTIONS = NO;
				ENABLE_STRICT_OBJC_MSGSEND = YES;
				GCC_C_LANGUAGE_STANDARD = gnu11;
				GCC_NO_COMMON_BLOCKS = YES;
				GCC_WARN_64_TO_32_BIT_CONVERSION = YES;
				GCC_WARN_ABOUT_RETURN_TYPE = YES_ERROR;
				GCC_WARN_UNDECLARED_SELECTOR = YES;
				GCC_WARN_UNINITIALIZED_AUTOS = YES_AGGRESSIVE;
				GCC_WARN_UNUSED_FUNCTION = YES;
				GCC_WARN_UNUSED_VARIABLE = YES;
				IPHONEOS_DEPLOYMENT_TARGET = 12.4;
				MTL_ENABLE_DEBUG_INFO = NO;
				MTL_FAST_MATH = YES;
				SDKROOT = iphoneos;
				SWIFT_COMPILATION_MODE = wholemodule;
				SWIFT_OPTIMIZATION_LEVEL = "-O";
				VALIDATE_PRODUCT = YES;
			};
			name = Release;
		};
		0EDBBFC02334D1C2009C1B0C /* Debug */ = {
			isa = XCBuildConfiguration;
			buildSettings = {
				ASSETCATALOG_COMPILER_APPICON_NAME = AppIcon;
				CODE_SIGN_STYLE = Automatic;
				DEVELOPMENT_TEAM = 3P3J8AFD59;
				INFOPLIST_FILE = PathsNLayers/Info.plist;
				LD_RUNPATH_SEARCH_PATHS = (
					"$(inherited)",
					"@executable_path/Frameworks",
				);
				PRODUCT_BUNDLE_IDENTIFIER = QaptiveTech.PathsNLayers;
				PRODUCT_NAME = "$(TARGET_NAME)";
				SWIFT_VERSION = 5.0;
				TARGETED_DEVICE_FAMILY = "1,2";
			};
			name = Debug;
		};
		0EDBBFC12334D1C2009C1B0C /* Release */ = {
			isa = XCBuildConfiguration;
			buildSettings = {
				ASSETCATALOG_COMPILER_APPICON_NAME = AppIcon;
				CODE_SIGN_STYLE = Automatic;
				DEVELOPMENT_TEAM = 3P3J8AFD59;
				INFOPLIST_FILE = PathsNLayers/Info.plist;
				LD_RUNPATH_SEARCH_PATHS = (
					"$(inherited)",
					"@executable_path/Frameworks",
				);
				PRODUCT_BUNDLE_IDENTIFIER = QaptiveTech.PathsNLayers;
				PRODUCT_NAME = "$(TARGET_NAME)";
				SWIFT_VERSION = 5.0;
				TARGETED_DEVICE_FAMILY = "1,2";
			};
			name = Release;
		};
/* End XCBuildConfiguration section */

/* Begin XCConfigurationList section */
		0EDBBFA82334D1C0009C1B0C /* Build configuration list for PBXProject "PathsNLayers" */ = {
			isa = XCConfigurationList;
			buildConfigurations = (
				0EDBBFBD2334D1C2009C1B0C /* Debug */,
				0EDBBFBE2334D1C2009C1B0C /* Release */,
			);
			defaultConfigurationIsVisible = 0;
			defaultConfigurationName = Release;
		};
		0EDBBFBF2334D1C2009C1B0C /* Build configuration list for PBXNativeTarget "PathsNLayers" */ = {
			isa = XCConfigurationList;
			buildConfigurations = (
				0EDBBFC02334D1C2009C1B0C /* Debug */,
				0EDBBFC12334D1C2009C1B0C /* Release */,
			);
			defaultConfigurationIsVisible = 0;
			defaultConfigurationName = Release;
		};
/* End XCConfigurationList section */
	};
	rootObject = 0EDBBFA52334D1C0009C1B0C /* Project object */;
}
